
Microsoft Visual Studio Solution File, Format Version 12.00
# Visual Studio Version 17
VisualStudioVersion = 17.2.32516.85
MinimumVisualStudioVersion = 10.0.40219.1
Project("{9A19103F-16F7-4668-BE54-9A1E7A4F7556}") = "RedisStreamQueue", "RedisStreamQueue\RedisStreamQueue.csproj", "{8420ED06-82B8-4DAD-926D-25A43890E1AB}"
EndProject
Project("{FAE04EC0-301F-11D3-BF4B-00C04F79EFBC}") = "RedisStreamQueueConsumer", "RedisStreamQueueConsumer\RedisStreamQueueConsumer.csproj", "{074E1E98-96F2-4318-B820-BEE7D8848CC0}"
EndProject
Global
	GlobalSection(SolutionConfigurationPlatforms) = preSolution
		Debug|Any CPU = Debug|Any CPU
		Release|Any CPU = Release|Any CPU
	EndGlobalSection
	GlobalSection(ProjectConfigurationPlatforms) = postSolution
		{8420ED06-82B8-4DAD-926D-25A43890E1AB}.Debug|Any CPU.ActiveCfg = Debug|Any CPU
		{8420ED06-82B8-4DAD-926D-25A43890E1AB}.Debug|Any CPU.Build.0 = Debug|Any CPU
		{8420ED06-82B8-4DAD-926D-25A43890E1AB}.Release|Any CPU.ActiveCfg = Release|Any CPU
		{8420ED06-82B8-4DAD-926D-25A43890E1AB}.Release|Any CPU.Build.0 = Release|Any CPU
		{074E1E98-96F2-4318-B820-BEE7D8848CC0}.Debug|Any CPU.ActiveCfg = Debug|Any CPU
		{074E1E98-96F2-4318-B820-BEE7D8848CC0}.Debug|Any CPU.Build.0 = Debug|Any CPU
		{074E1E98-96F2-4318-B820-BEE7D8848CC0}.Release|Any CPU.ActiveCfg = Release|Any CPU
		{074E1E98-96F2-4318-B820-BEE7D8848CC0}.Release|Any CPU.Build.0 = Release|Any CPU
	EndGlobalSection
	GlobalSection(SolutionProperties) = preSolution
		HideSolutionNode = FALSE
	EndGlobalSection
	GlobalSection(ExtensibilityGlobals) = postSolution
		SolutionGuid = {988F136D-0F74-4868-B2AE-DAE4870C249C}
	EndGlobalSection
EndGlobal
