
Microsoft Visual Studio Solution File, Format Version 12.00
# Visual Studio Version 17
VisualStudioVersion = 17.2.32516.85
MinimumVisualStudioVersion = 10.0.40219.1
Project("{9A19103F-16F7-4668-BE54-9A1E7A4F7556}") = "RedisMQ.Console", "RedisMQ.Console\RedisMQ.Console.csproj", "{074E1E98-96F2-4318-B820-BEE7D8848CC0}"
EndProject
Project("{9A19103F-16F7-4668-BE54-9A1E7A4F7556}") = "Yarkool.RedisMQ", "Yarkool.RedisMQ\Yarkool.RedisMQ.csproj", "{B2A6067B-31C9-44E0-9778-B53F93A79A18}"
EndProject
Project("{FAE04EC0-301F-11D3-BF4B-00C04F79EFBC}") = "RedisMQ.Api", "RedisMQ.Api\RedisMQ.Api.csproj", "{6170A4A1-BAD8-4196-BC1D-2E5A9D914DED}"
EndProject
Project("{2150E333-8FDC-42A3-9474-1A3956D46DE8}") = "src", "src", "{E5CA1A80-74D5-46ED-AEDB-3EF3B9B45CD2}"
EndProject
Project("{2150E333-8FDC-42A3-9474-1A3956D46DE8}") = "samples", "samples", "{74810027-BC71-4DA9-A50E-4A1D705CC2BB}"
EndProject
Global
	GlobalSection(SolutionConfigurationPlatforms) = preSolution
		Debug|Any CPU = Debug|Any CPU
		Release|Any CPU = Release|Any CPU
	EndGlobalSection
	GlobalSection(ProjectConfigurationPlatforms) = postSolution
		{074E1E98-96F2-4318-B820-BEE7D8848CC0}.Debug|Any CPU.ActiveCfg = Debug|Any CPU
		{074E1E98-96F2-4318-B820-BEE7D8848CC0}.Debug|Any CPU.Build.0 = Debug|Any CPU
		{074E1E98-96F2-4318-B820-BEE7D8848CC0}.Release|Any CPU.ActiveCfg = Release|Any CPU
		{074E1E98-96F2-4318-B820-BEE7D8848CC0}.Release|Any CPU.Build.0 = Release|Any CPU
		{B2A6067B-31C9-44E0-9778-B53F93A79A18}.Debug|Any CPU.ActiveCfg = Debug|Any CPU
		{B2A6067B-31C9-44E0-9778-B53F93A79A18}.Debug|Any CPU.Build.0 = Debug|Any CPU
		{B2A6067B-31C9-44E0-9778-B53F93A79A18}.Release|Any CPU.ActiveCfg = Release|Any CPU
		{B2A6067B-31C9-44E0-9778-B53F93A79A18}.Release|Any CPU.Build.0 = Release|Any CPU
		{6170A4A1-BAD8-4196-BC1D-2E5A9D914DED}.Debug|Any CPU.ActiveCfg = Debug|Any CPU
		{6170A4A1-BAD8-4196-BC1D-2E5A9D914DED}.Debug|Any CPU.Build.0 = Debug|Any CPU
		{6170A4A1-BAD8-4196-BC1D-2E5A9D914DED}.Release|Any CPU.ActiveCfg = Release|Any CPU
		{6170A4A1-BAD8-4196-BC1D-2E5A9D914DED}.Release|Any CPU.Build.0 = Release|Any CPU
	EndGlobalSection
	GlobalSection(SolutionProperties) = preSolution
		HideSolutionNode = FALSE
	EndGlobalSection
	GlobalSection(ExtensibilityGlobals) = postSolution
		SolutionGuid = {988F136D-0F74-4868-B2AE-DAE4870C249C}
	EndGlobalSection
	GlobalSection(NestedProjects) = preSolution
		{B2A6067B-31C9-44E0-9778-B53F93A79A18} = {E5CA1A80-74D5-46ED-AEDB-3EF3B9B45CD2}
		{074E1E98-96F2-4318-B820-BEE7D8848CC0} = {74810027-BC71-4DA9-A50E-4A1D705CC2BB}
		{6170A4A1-BAD8-4196-BC1D-2E5A9D914DED} = {74810027-BC71-4DA9-A50E-4A1D705CC2BB}
	EndGlobalSection
EndGlobal
